
Microsoft Visual Studio Solution File, Format Version 12.00
# Visual Studio Version 17
VisualStudioVersion = 17.7.34202.233
MinimumVisualStudioVersion = 10.0.40219.1
Project("{FAE04EC0-301F-11D3-BF4B-00C04F79EFBC}") = "MapsuiTest", "MapsuiTest.csproj", "{2F134694-F22C-495C-99ED-B7DF1F853CA6}"
EndProject
Global
	GlobalSection(SolutionConfigurationPlatforms) = preSolution
		Debug|Any CPU = Debug|Any CPU
		Release|Any CPU = Release|Any CPU
	EndGlobalSection
	GlobalSection(ProjectConfigurationPlatforms) = postSolution
		{2F134694-F22C-495C-99ED-B7DF1F853CA6}.Debug|Any CPU.ActiveCfg = Debug|Any CPU
		{2F134694-F22C-495C-99ED-B7DF1F853CA6}.Debug|Any CPU.Build.0 = Debug|Any CPU
		{2F134694-F22C-495C-99ED-B7DF1F853CA6}.Release|Any CPU.ActiveCfg = Release|Any CPU
		{2F134694-F22C-495C-99ED-B7DF1F853CA6}.Release|Any CPU.Build.0 = Release|Any CPU
	EndGlobalSection
	GlobalSection(SolutionProperties) = preSolution
		HideSolutionNode = FALSE
	EndGlobalSection
	GlobalSection(ExtensibilityGlobals) = postSolution
		SolutionGuid = {CD204E6E-C51A-4934-8CBA-3EC508FB787C}
	EndGlobalSection
EndGlobal
